
Microsoft Visual Studio Solution File, Format Version 12.00
# Visual Studio 14
VisualStudioVersion = 14.0.24720.0
MinimumVisualStudioVersion = 10.0.40219.1
Project("{FAE04EC0-301F-11D3-BF4B-00C04F79EFBC}") = "CoOpTowerDefense", "CoOpTowerDefense\CoOpTowerDefense.csproj", "{345D467B-53F5-489E-AC32-61A49A8C6897}"
EndProject
Project("{FAE04EC0-301F-11D3-BF4B-00C04F79EFBC}") = "DisruptoLib", "DisruptoLib\DisruptoLib.csproj", "{9B010BD6-DA85-4C18-9659-803122E253F3}"
EndProject
Project("{2150E333-8FDC-42A3-9474-1A3956D46DE8}") = "Server", "Server", "{5F974641-A5B6-41F4-8116-53B652F925C6}"
EndProject
Project("{2150E333-8FDC-42A3-9474-1A3956D46DE8}") = "Library", "Library", "{F5A7E8F2-B4AA-441E-BE0E-FFC6C1D605EB}"
EndProject
Global
	GlobalSection(SolutionConfigurationPlatforms) = preSolution
		Debug|Any CPU = Debug|Any CPU
		Release|Any CPU = Release|Any CPU
	EndGlobalSection
	GlobalSection(ProjectConfigurationPlatforms) = postSolution
		{345D467B-53F5-489E-AC32-61A49A8C6897}.Debug|Any CPU.ActiveCfg = Debug|Any CPU
		{345D467B-53F5-489E-AC32-61A49A8C6897}.Debug|Any CPU.Build.0 = Debug|Any CPU
		{345D467B-53F5-489E-AC32-61A49A8C6897}.Release|Any CPU.ActiveCfg = Release|Any CPU
		{345D467B-53F5-489E-AC32-61A49A8C6897}.Release|Any CPU.Build.0 = Release|Any CPU
		{9B010BD6-DA85-4C18-9659-803122E253F3}.Debug|Any CPU.ActiveCfg = Debug|Any CPU
		{9B010BD6-DA85-4C18-9659-803122E253F3}.Debug|Any CPU.Build.0 = Debug|Any CPU
		{9B010BD6-DA85-4C18-9659-803122E253F3}.Release|Any CPU.ActiveCfg = Release|Any CPU
		{9B010BD6-DA85-4C18-9659-803122E253F3}.Release|Any CPU.Build.0 = Release|Any CPU
	EndGlobalSection
	GlobalSection(SolutionProperties) = preSolution
		HideSolutionNode = FALSE
	EndGlobalSection
	GlobalSection(NestedProjects) = preSolution
		{345D467B-53F5-489E-AC32-61A49A8C6897} = {5F974641-A5B6-41F4-8116-53B652F925C6}
		{9B010BD6-DA85-4C18-9659-803122E253F3} = {F5A7E8F2-B4AA-441E-BE0E-FFC6C1D605EB}
	EndGlobalSection
EndGlobal
